
Microsoft Visual Studio Solution File, Format Version 12.00
# Visual Studio Version 16
VisualStudioVersion = 16.0.36227.6
MinimumVisualStudioVersion = 10.0.40219.1
Project("{FAE04EC0-301F-11D3-BF4B-00C04F79EFBC}") = "Final Assignment Website", "Final Assignment Website\Final Assignment Website.csproj", "{3E861FDA-7920-4C2F-99A9-51FDEB52B988}"
EndProject
Global
	GlobalSection(SolutionConfigurationPlatforms) = preSolution
		Debug|Any CPU = Debug|Any CPU
		Release|Any CPU = Release|Any CPU
	EndGlobalSection
	GlobalSection(ProjectConfigurationPlatforms) = postSolution
		{3E861FDA-7920-4C2F-99A9-51FDEB52B988}.Debug|Any CPU.ActiveCfg = Debug|Any CPU
		{3E861FDA-7920-4C2F-99A9-51FDEB52B988}.Debug|Any CPU.Build.0 = Debug|Any CPU
		{3E861FDA-7920-4C2F-99A9-51FDEB52B988}.Release|Any CPU.ActiveCfg = Release|Any CPU
		{3E861FDA-7920-4C2F-99A9-51FDEB52B988}.Release|Any CPU.Build.0 = Release|Any CPU
	EndGlobalSection
	GlobalSection(SolutionProperties) = preSolution
		HideSolutionNode = FALSE
	EndGlobalSection
	GlobalSection(ExtensibilityGlobals) = postSolution
		SolutionGuid = {00F78E69-80B5-4665-A350-43A46AE03EB7}
	EndGlobalSection
EndGlobal
